
Microsoft Visual Studio Solution File, Format Version 12.00
# Visual Studio 15
VisualStudioVersion = 15.0.26124.0
MinimumVisualStudioVersion = 15.0.26124.0
Project("{FAE04EC0-301F-11D3-BF4B-00C04F79EFBC}") = "BlazorTasks.Client", "src\BlazorTasks.Client\BlazorTasks.Client.csproj", "{A19C35BA-F9AB-4CC7-B739-0677FED1F689}"
EndProject
Project("{FAE04EC0-301F-11D3-BF4B-00C04F79EFBC}") = "BlazorTasks.Server", "src\BlazorTasks.Server\BlazorTasks.Server.csproj", "{DC9B8073-71B8-4368-BBC7-B5BE66E84C45}"
EndProject
Global
	GlobalSection(SolutionConfigurationPlatforms) = preSolution
		Debug|Any CPU = Debug|Any CPU
		Debug|x64 = Debug|x64
		Debug|x86 = Debug|x86
		Release|Any CPU = Release|Any CPU
		Release|x64 = Release|x64
		Release|x86 = Release|x86
	EndGlobalSection
	GlobalSection(SolutionProperties) = preSolution
		HideSolutionNode = FALSE
	EndGlobalSection
	GlobalSection(ProjectConfigurationPlatforms) = postSolution
		{A19C35BA-F9AB-4CC7-B739-0677FED1F689}.Debug|Any CPU.ActiveCfg = Debug|Any CPU
		{A19C35BA-F9AB-4CC7-B739-0677FED1F689}.Debug|Any CPU.Build.0 = Debug|Any CPU
		{A19C35BA-F9AB-4CC7-B739-0677FED1F689}.Debug|x64.ActiveCfg = Debug|Any CPU
		{A19C35BA-F9AB-4CC7-B739-0677FED1F689}.Debug|x64.Build.0 = Debug|Any CPU
		{A19C35BA-F9AB-4CC7-B739-0677FED1F689}.Debug|x86.ActiveCfg = Debug|Any CPU
		{A19C35BA-F9AB-4CC7-B739-0677FED1F689}.Debug|x86.Build.0 = Debug|Any CPU
		{A19C35BA-F9AB-4CC7-B739-0677FED1F689}.Release|Any CPU.ActiveCfg = Release|Any CPU
		{A19C35BA-F9AB-4CC7-B739-0677FED1F689}.Release|Any CPU.Build.0 = Release|Any CPU
		{A19C35BA-F9AB-4CC7-B739-0677FED1F689}.Release|x64.ActiveCfg = Release|Any CPU
		{A19C35BA-F9AB-4CC7-B739-0677FED1F689}.Release|x64.Build.0 = Release|Any CPU
		{A19C35BA-F9AB-4CC7-B739-0677FED1F689}.Release|x86.ActiveCfg = Release|Any CPU
		{A19C35BA-F9AB-4CC7-B739-0677FED1F689}.Release|x86.Build.0 = Release|Any CPU
		{DC9B8073-71B8-4368-BBC7-B5BE66E84C45}.Debug|Any CPU.ActiveCfg = Debug|Any CPU
		{DC9B8073-71B8-4368-BBC7-B5BE66E84C45}.Debug|Any CPU.Build.0 = Debug|Any CPU
		{DC9B8073-71B8-4368-BBC7-B5BE66E84C45}.Debug|x64.ActiveCfg = Debug|Any CPU
		{DC9B8073-71B8-4368-BBC7-B5BE66E84C45}.Debug|x64.Build.0 = Debug|Any CPU
		{DC9B8073-71B8-4368-BBC7-B5BE66E84C45}.Debug|x86.ActiveCfg = Debug|Any CPU
		{DC9B8073-71B8-4368-BBC7-B5BE66E84C45}.Debug|x86.Build.0 = Debug|Any CPU
		{DC9B8073-71B8-4368-BBC7-B5BE66E84C45}.Release|Any CPU.ActiveCfg = Release|Any CPU
		{DC9B8073-71B8-4368-BBC7-B5BE66E84C45}.Release|Any CPU.Build.0 = Release|Any CPU
		{DC9B8073-71B8-4368-BBC7-B5BE66E84C45}.Release|x64.ActiveCfg = Release|Any CPU
		{DC9B8073-71B8-4368-BBC7-B5BE66E84C45}.Release|x64.Build.0 = Release|Any CPU
		{DC9B8073-71B8-4368-BBC7-B5BE66E84C45}.Release|x86.ActiveCfg = Release|Any CPU
		{DC9B8073-71B8-4368-BBC7-B5BE66E84C45}.Release|x86.Build.0 = Release|Any CPU
	EndGlobalSection
EndGlobal
